{
  "name": "private-npm-demo",
  "version": "1.0.0",
  "lockfileVersion": 2,
  "requires": true,
  "packages": {
    "": {
      "version": "1.0.0",
      "license": "MIT",
      "dependencies": {
        "@zeet-demo/private-npm": "^1.0.4"
      }
    },
    "node_modules/@zeet-demo/private-npm": {
      "version": "1.0.4",
      "resolved": "https://npm.pkg.github.com/download/@zeet-demo/private-npm/1.0.4/651c241649f92f7a6b5a9ff0ffea997a969f5f289dcd7d3ee87e10e299743c6a",
      "integrity": "sha512-ofAwACBUTVUqmV9hlr4hR8390tfE+9/78f8k7CZfCecCUS4ySVYVum1mJ5xecphfDxBDaJroCH8rZIv56Sq72g==",
      "license": "MIT"
    }
  },
  "dependencies": {
    "@zeet-demo/private-npm": {
      "version": "1.0.4",
      "resolved": "https://npm.pkg.github.com/download/@zeet-demo/private-npm/1.0.4/651c241649f92f7a6b5a9ff0ffea997a969f5f289dcd7d3ee87e10e299743c6a",
      "integrity": "sha512-ofAwACBUTVUqmV9hlr4hR8390tfE+9/78f8k7CZfCecCUS4ySVYVum1mJ5xecphfDxBDaJroCH8rZIv56Sq72g=="
    }
  }
}
